// !$*UTF8*$!
{
	archiveVersion = 1;
	classes = {
	};
	objectVersion = 60;
	objects = {

/* Begin PBXBuildFile section */
		206A2E5F2C50D60300BB2143 /* Entities in Frameworks */ = {isa = PBXBuildFile; productRef = 206A2E5E2C50D60300BB2143 /* Entities */; };
		206A2E642C50F0E100BB2143 /* Components in Frameworks */ = {isa = PBXBuildFile; productRef = 206A2E632C50F0E100BB2143 /* Components */; };
		206A2E672C51023B00BB2143 /* ProductCollectionViewDelegate.swift in Sources */ = {isa = PBXBuildFile; fileRef = 206A2E662C51023B00BB2143 /* ProductCollectionViewDelegate.swift */; };
		206A2E692C51027B00BB2143 /* ProductCollectionViewDataSource.swift in Sources */ = {isa = PBXBuildFile; fileRef = 206A2E682C51027B00BB2143 /* ProductCollectionViewDataSource.swift */; };
		206A2E6C2C51116400BB2143 /* RxCocoa in Frameworks */ = {isa = PBXBuildFile; productRef = 206A2E6B2C51116400BB2143 /* RxCocoa */; };
		206A2E6E2C51116400BB2143 /* RxSwift in Frameworks */ = {isa = PBXBuildFile; productRef = 206A2E6D2C51116400BB2143 /* RxSwift */; };
		206A2E702C511EAF00BB2143 /* HomePageDelegate.swift in Sources */ = {isa = PBXBuildFile; fileRef = 206A2E6F2C511EAF00BB2143 /* HomePageDelegate.swift */; };
		20AD6B1A2C501D3600FF8D89 /* Coordinator.swift in Sources */ = {isa = PBXBuildFile; fileRef = 20AD6B192C501D3600FF8D89 /* Coordinator.swift */; };
		20AD6B1C2C501DBD00FF8D89 /* HomePageCoordinator.swift in Sources */ = {isa = PBXBuildFile; fileRef = 20AD6B1B2C501DBD00FF8D89 /* HomePageCoordinator.swift */; };
		20AD6B1F2C501E8A00FF8D89 /* ProductDetailCoordinator.swift in Sources */ = {isa = PBXBuildFile; fileRef = 20AD6B1E2C501E8A00FF8D89 /* ProductDetailCoordinator.swift */; };
		20AD6B222C501EBE00FF8D89 /* ProductDetailsViewController.swift in Sources */ = {isa = PBXBuildFile; fileRef = 20AD6B212C501EBE00FF8D89 /* ProductDetailsViewController.swift */; };
		20AD6B242C501EE300FF8D89 /* ProductDetailsViewModel.swift in Sources */ = {isa = PBXBuildFile; fileRef = 20AD6B232C501EE300FF8D89 /* ProductDetailsViewModel.swift */; };
		20AD6B262C50200200FF8D89 /* HomePageViewModel.swift in Sources */ = {isa = PBXBuildFile; fileRef = 20AD6B252C50200200FF8D89 /* HomePageViewModel.swift */; };
		20AD6B2B2C50286D00FF8D89 /* SephoraBusiness in Frameworks */ = {isa = PBXBuildFile; productRef = 20AD6B2A2C50286D00FF8D89 /* SephoraBusiness */; };
		29287F3B25BE64F70053B536 /* AppDelegate.swift in Sources */ = {isa = PBXBuildFile; fileRef = 29287F3A25BE64F70053B536 /* AppDelegate.swift */; };
		29287F3D25BE64F70053B536 /* SceneDelegate.swift in Sources */ = {isa = PBXBuildFile; fileRef = 29287F3C25BE64F70053B536 /* SceneDelegate.swift */; };
		29287F3F25BE64F70053B536 /* HomePageViewController.swift in Sources */ = {isa = PBXBuildFile; fileRef = 29287F3E25BE64F70053B536 /* HomePageViewController.swift */; };
		29287F4425BE64F80053B536 /* Assets.xcassets in Resources */ = {isa = PBXBuildFile; fileRef = 29287F4325BE64F80053B536 /* Assets.xcassets */; };
/* End PBXBuildFile section */

/* Begin PBXFileReference section */
		206A2E662C51023B00BB2143 /* ProductCollectionViewDelegate.swift */ = {isa = PBXFileReference; lastKnownFileType = sourcecode.swift; path = ProductCollectionViewDelegate.swift; sourceTree = "<group>"; };
		206A2E682C51027B00BB2143 /* ProductCollectionViewDataSource.swift */ = {isa = PBXFileReference; lastKnownFileType = sourcecode.swift; path = ProductCollectionViewDataSource.swift; sourceTree = "<group>"; };
		206A2E6F2C511EAF00BB2143 /* HomePageDelegate.swift */ = {isa = PBXFileReference; lastKnownFileType = sourcecode.swift; path = HomePageDelegate.swift; sourceTree = "<group>"; };
		20AD6B192C501D3600FF8D89 /* Coordinator.swift */ = {isa = PBXFileReference; lastKnownFileType = sourcecode.swift; path = Coordinator.swift; sourceTree = "<group>"; };
		20AD6B1B2C501DBD00FF8D89 /* HomePageCoordinator.swift */ = {isa = PBXFileReference; lastKnownFileType = sourcecode.swift; path = HomePageCoordinator.swift; sourceTree = "<group>"; };
		20AD6B1E2C501E8A00FF8D89 /* ProductDetailCoordinator.swift */ = {isa = PBXFileReference; lastKnownFileType = sourcecode.swift; path = ProductDetailCoordinator.swift; sourceTree = "<group>"; };
		20AD6B212C501EBE00FF8D89 /* ProductDetailsViewController.swift */ = {isa = PBXFileReference; lastKnownFileType = sourcecode.swift; path = ProductDetailsViewController.swift; sourceTree = "<group>"; };
		20AD6B232C501EE300FF8D89 /* ProductDetailsViewModel.swift */ = {isa = PBXFileReference; lastKnownFileType = sourcecode.swift; path = ProductDetailsViewModel.swift; sourceTree = "<group>"; };
		20AD6B252C50200200FF8D89 /* HomePageViewModel.swift */ = {isa = PBXFileReference; lastKnownFileType = sourcecode.swift; path = HomePageViewModel.swift; sourceTree = "<group>"; };
		29287F3725BE64F70053B536 /* Sephora.app */ = {isa = PBXFileReference; explicitFileType = wrapper.application; includeInIndex = 0; path = Sephora.app; sourceTree = BUILT_PRODUCTS_DIR; };
		29287F3A25BE64F70053B536 /* AppDelegate.swift */ = {isa = PBXFileReference; lastKnownFileType = sourcecode.swift; path = AppDelegate.swift; sourceTree = "<group>"; };
		29287F3C25BE64F70053B536 /* SceneDelegate.swift */ = {isa = PBXFileReference; lastKnownFileType = sourcecode.swift; path = SceneDelegate.swift; sourceTree = "<group>"; };
		29287F3E25BE64F70053B536 /* HomePageViewController.swift */ = {isa = PBXFileReference; lastKnownFileType = sourcecode.swift; path = HomePageViewController.swift; sourceTree = "<group>"; };
		29287F4325BE64F80053B536 /* Assets.xcassets */ = {isa = PBXFileReference; lastKnownFileType = folder.assetcatalog; path = Assets.xcassets; sourceTree = "<group>"; };
		29287F4825BE64F80053B536 /* Info.plist */ = {isa = PBXFileReference; lastKnownFileType = text.plist.xml; path = Info.plist; sourceTree = "<group>"; };
/* End PBXFileReference section */

/* Begin PBXFrameworksBuildPhase section */
		29287F3425BE64F70053B536 /* Frameworks */ = {
			isa = PBXFrameworksBuildPhase;
			buildActionMask = 2147483647;
			files = (
				20AD6B2B2C50286D00FF8D89 /* SephoraBusiness in Frameworks */,
				206A2E5F2C50D60300BB2143 /* Entities in Frameworks */,
				206A2E6E2C51116400BB2143 /* RxSwift in Frameworks */,
				206A2E6C2C51116400BB2143 /* RxCocoa in Frameworks */,
				206A2E642C50F0E100BB2143 /* Components in Frameworks */,
			);
			runOnlyForDeploymentPostprocessing = 0;
		};
/* End PBXFrameworksBuildPhase section */

/* Begin PBXGroup section */
		206A2E652C51022500BB2143 /* Delegates */ = {
			isa = PBXGroup;
			children = (
				206A2E662C51023B00BB2143 /* ProductCollectionViewDelegate.swift */,
				206A2E682C51027B00BB2143 /* ProductCollectionViewDataSource.swift */,
				206A2E6F2C511EAF00BB2143 /* HomePageDelegate.swift */,
			);
			path = Delegates;
			sourceTree = "<group>";
		};
		20AD6B182C501D2700FF8D89 /* Coordinators */ = {
			isa = PBXGroup;
			children = (
				20AD6B192C501D3600FF8D89 /* Coordinator.swift */,
			);
			path = Coordinators;
			sourceTree = "<group>";
		};
		20AD6B1D2C501E0400FF8D89 /* HomePage */ = {
			isa = PBXGroup;
			children = (
				206A2E652C51022500BB2143 /* Delegates */,
				20AD6B272C50252800FF8D89 /* Coordinator */,
				29287F3E25BE64F70053B536 /* HomePageViewController.swift */,
				20AD6B252C50200200FF8D89 /* HomePageViewModel.swift */,
			);
			path = HomePage;
			sourceTree = "<group>";
		};
		20AD6B202C501EAE00FF8D89 /* ProductDetails */ = {
			isa = PBXGroup;
			children = (
				20AD6B282C50253100FF8D89 /* Coordinator */,
				20AD6B212C501EBE00FF8D89 /* ProductDetailsViewController.swift */,
				20AD6B232C501EE300FF8D89 /* ProductDetailsViewModel.swift */,
			);
			path = ProductDetails;
			sourceTree = "<group>";
		};
		20AD6B272C50252800FF8D89 /* Coordinator */ = {
			isa = PBXGroup;
			children = (
				20AD6B1B2C501DBD00FF8D89 /* HomePageCoordinator.swift */,
			);
			path = Coordinator;
			sourceTree = "<group>";
		};
		20AD6B282C50253100FF8D89 /* Coordinator */ = {
			isa = PBXGroup;
			children = (
				20AD6B1E2C501E8A00FF8D89 /* ProductDetailCoordinator.swift */,
			);
			path = Coordinator;
			sourceTree = "<group>";
		};
		29287F2E25BE64F70053B536 = {
			isa = PBXGroup;
			children = (
				29287F3925BE64F70053B536 /* Sephora */,
				29287F3825BE64F70053B536 /* Products */,
			);
			sourceTree = "<group>";
		};
		29287F3825BE64F70053B536 /* Products */ = {
			isa = PBXGroup;
			children = (
				29287F3725BE64F70053B536 /* Sephora.app */,
			);
			name = Products;
			sourceTree = "<group>";
		};
		29287F3925BE64F70053B536 /* Sephora */ = {
			isa = PBXGroup;
			children = (
				20AD6B202C501EAE00FF8D89 /* ProductDetails */,
				20AD6B1D2C501E0400FF8D89 /* HomePage */,
				20AD6B182C501D2700FF8D89 /* Coordinators */,
				29287F3A25BE64F70053B536 /* AppDelegate.swift */,
				29287F3C25BE64F70053B536 /* SceneDelegate.swift */,
				29287F4325BE64F80053B536 /* Assets.xcassets */,
				29287F4825BE64F80053B536 /* Info.plist */,
			);
			path = Sephora;
			sourceTree = "<group>";
		};
/* End PBXGroup section */

/* Begin PBXNativeTarget section */
		29287F3625BE64F70053B536 /* Sephora */ = {
			isa = PBXNativeTarget;
			buildConfigurationList = 29287F4B25BE64F80053B536 /* Build configuration list for PBXNativeTarget "Sephora" */;
			buildPhases = (
				29287F3325BE64F70053B536 /* Sources */,
				29287F3425BE64F70053B536 /* Frameworks */,
				29287F3525BE64F70053B536 /* Resources */,
			);
			buildRules = (
			);
			dependencies = (
			);
			name = Sephora;
			packageProductDependencies = (
				20AD6B2A2C50286D00FF8D89 /* SephoraBusiness */,
				206A2E5E2C50D60300BB2143 /* Entities */,
				206A2E632C50F0E100BB2143 /* Components */,
				206A2E6B2C51116400BB2143 /* RxCocoa */,
				206A2E6D2C51116400BB2143 /* RxSwift */,
			);
			productName = Sephora;
			productReference = 29287F3725BE64F70053B536 /* Sephora.app */;
			productType = "com.apple.product-type.application";
		};
/* End PBXNativeTarget section */

/* Begin PBXProject section */
		29287F2F25BE64F70053B536 /* Project object */ = {
			isa = PBXProject;
			attributes = {
				BuildIndependentTargetsInParallel = YES;
				LastSwiftUpdateCheck = 1230;
				LastUpgradeCheck = 1540;
				TargetAttributes = {
					29287F3625BE64F70053B536 = {
						CreatedOnToolsVersion = 12.3;
					};
				};
			};
			buildConfigurationList = 29287F3225BE64F70053B536 /* Build configuration list for PBXProject "Sephora" */;
			compatibilityVersion = "Xcode 9.3";
			developmentRegion = en;
			hasScannedForEncodings = 0;
			knownRegions = (
				en,
				Base,
			);
			mainGroup = 29287F2E25BE64F70053B536;
			packageReferences = (
				20AD6B292C50286D00FF8D89 /* XCLocalSwiftPackageReference "Packages/SephoraBusiness" */,
				206A2E5D2C50D60300BB2143 /* XCLocalSwiftPackageReference "Packages/Entities" */,
				206A2E622C50F0E100BB2143 /* XCLocalSwiftPackageReference "Packages/Components" */,
				206A2E6A2C51116400BB2143 /* XCRemoteSwiftPackageReference "RxSwift" */,
			);
			productRefGroup = 29287F3825BE64F70053B536 /* Products */;
			projectDirPath = "";
			projectRoot = "";
			targets = (
				29287F3625BE64F70053B536 /* Sephora */,
			);
		};
/* End PBXProject section */

/* Begin PBXResourcesBuildPhase section */
		29287F3525BE64F70053B536 /* Resources */ = {
			isa = PBXResourcesBuildPhase;
			buildActionMask = 2147483647;
			files = (
				29287F4425BE64F80053B536 /* Assets.xcassets in Resources */,
			);
			runOnlyForDeploymentPostprocessing = 0;
		};
/* End PBXResourcesBuildPhase section */

/* Begin PBXSourcesBuildPhase section */
		29287F3325BE64F70053B536 /* Sources */ = {
			isa = PBXSourcesBuildPhase;
			buildActionMask = 2147483647;
			files = (
				20AD6B222C501EBE00FF8D89 /* ProductDetailsViewController.swift in Sources */,
				206A2E672C51023B00BB2143 /* ProductCollectionViewDelegate.swift in Sources */,
				29287F3F25BE64F70053B536 /* HomePageViewController.swift in Sources */,
				20AD6B262C50200200FF8D89 /* HomePageViewModel.swift in Sources */,
				206A2E692C51027B00BB2143 /* ProductCollectionViewDataSource.swift in Sources */,
				20AD6B1C2C501DBD00FF8D89 /* HomePageCoordinator.swift in Sources */,
				206A2E702C511EAF00BB2143 /* HomePageDelegate.swift in Sources */,
				20AD6B242C501EE300FF8D89 /* ProductDetailsViewModel.swift in Sources */,
				29287F3B25BE64F70053B536 /* AppDelegate.swift in Sources */,
				20AD6B1F2C501E8A00FF8D89 /* ProductDetailCoordinator.swift in Sources */,
				29287F3D25BE64F70053B536 /* SceneDelegate.swift in Sources */,
				20AD6B1A2C501D3600FF8D89 /* Coordinator.swift in Sources */,
			);
			runOnlyForDeploymentPostprocessing = 0;
		};
/* End PBXSourcesBuildPhase section */

/* Begin XCBuildConfiguration section */
		29287F4925BE64F80053B536 /* Debug */ = {
			isa = XCBuildConfiguration;
			buildSettings = {
				ALWAYS_SEARCH_USER_PATHS = NO;
				ASSETCATALOG_COMPILER_GENERATE_SWIFT_ASSET_SYMBOL_EXTENSIONS = YES;
				CLANG_ANALYZER_NONNULL = YES;
				CLANG_ANALYZER_NUMBER_OBJECT_CONVERSION = YES_AGGRESSIVE;
				CLANG_CXX_LANGUAGE_STANDARD = "gnu++14";
				CLANG_CXX_LIBRARY = "libc++";
				CLANG_ENABLE_MODULES = YES;
				CLANG_ENABLE_OBJC_ARC = YES;
				CLANG_ENABLE_OBJC_WEAK = YES;
				CLANG_WARN_BLOCK_CAPTURE_AUTORELEASING = YES;
				CLANG_WARN_BOOL_CONVERSION = YES;
				CLANG_WARN_COMMA = YES;
				CLANG_WARN_CONSTANT_CONVERSION = YES;
				CLANG_WARN_DEPRECATED_OBJC_IMPLEMENTATIONS = YES;
				CLANG_WARN_DIRECT_OBJC_ISA_USAGE = YES_ERROR;
				CLANG_WARN_DOCUMENTATION_COMMENTS = YES;
				CLANG_WARN_EMPTY_BODY = YES;
				CLANG_WARN_ENUM_CONVERSION = YES;
				CLANG_WARN_INFINITE_RECURSION = YES;
				CLANG_WARN_INT_CONVERSION = YES;
				CLANG_WARN_NON_LITERAL_NULL_CONVERSION = YES;
				CLANG_WARN_OBJC_IMPLICIT_RETAIN_SELF = YES;
				CLANG_WARN_OBJC_LITERAL_CONVERSION = YES;
				CLANG_WARN_OBJC_ROOT_CLASS = YES_ERROR;
				CLANG_WARN_QUOTED_INCLUDE_IN_FRAMEWORK_HEADER = YES;
				CLANG_WARN_RANGE_LOOP_ANALYSIS = YES;
				CLANG_WARN_STRICT_PROTOTYPES = YES;
				CLANG_WARN_SUSPICIOUS_MOVE = YES;
				CLANG_WARN_UNGUARDED_AVAILABILITY = YES_AGGRESSIVE;
				CLANG_WARN_UNREACHABLE_CODE = YES;
				CLANG_WARN__DUPLICATE_METHOD_MATCH = YES;
				COPY_PHASE_STRIP = NO;
				DEBUG_INFORMATION_FORMAT = dwarf;
				ENABLE_STRICT_OBJC_MSGSEND = YES;
				ENABLE_TESTABILITY = YES;
				ENABLE_USER_SCRIPT_SANDBOXING = YES;
				GCC_C_LANGUAGE_STANDARD = gnu11;
				GCC_DYNAMIC_NO_PIC = NO;
				GCC_NO_COMMON_BLOCKS = YES;
				GCC_OPTIMIZATION_LEVEL = 0;
				GCC_PREPROCESSOR_DEFINITIONS = (
					"DEBUG=1",
					"$(inherited)",
				);
				GCC_WARN_64_TO_32_BIT_CONVERSION = YES;
				GCC_WARN_ABOUT_RETURN_TYPE = YES_ERROR;
				GCC_WARN_UNDECLARED_SELECTOR = YES;
				GCC_WARN_UNINITIALIZED_AUTOS = YES_AGGRESSIVE;
				GCC_WARN_UNUSED_FUNCTION = YES;
				GCC_WARN_UNUSED_VARIABLE = YES;
				IPHONEOS_DEPLOYMENT_TARGET = 14.3;
				MTL_ENABLE_DEBUG_INFO = INCLUDE_SOURCE;
				MTL_FAST_MATH = YES;
				ONLY_ACTIVE_ARCH = YES;
				SDKROOT = iphoneos;
				SWIFT_ACTIVE_COMPILATION_CONDITIONS = DEBUG;
				SWIFT_OPTIMIZATION_LEVEL = "-Onone";
			};
			name = Debug;
		};
		29287F4A25BE64F80053B536 /* Release */ = {
			isa = XCBuildConfiguration;
			buildSettings = {
				ALWAYS_SEARCH_USER_PATHS = NO;
				ASSETCATALOG_COMPILER_GENERATE_SWIFT_ASSET_SYMBOL_EXTENSIONS = YES;
				CLANG_ANALYZER_NONNULL = YES;
				CLANG_ANALYZER_NUMBER_OBJECT_CONVERSION = YES_AGGRESSIVE;
				CLANG_CXX_LANGUAGE_STANDARD = "gnu++14";
				CLANG_CXX_LIBRARY = "libc++";
				CLANG_ENABLE_MODULES = YES;
				CLANG_ENABLE_OBJC_ARC = YES;
				CLANG_ENABLE_OBJC_WEAK = YES;
				CLANG_WARN_BLOCK_CAPTURE_AUTORELEASING = YES;
				CLANG_WARN_BOOL_CONVERSION = YES;
				CLANG_WARN_COMMA = YES;
				CLANG_WARN_CONSTANT_CONVERSION = YES;
				CLANG_WARN_DEPRECATED_OBJC_IMPLEMENTATIONS = YES;
				CLANG_WARN_DIRECT_OBJC_ISA_USAGE = YES_ERROR;
				CLANG_WARN_DOCUMENTATION_COMMENTS = YES;
				CLANG_WARN_EMPTY_BODY = YES;
				CLANG_WARN_ENUM_CONVERSION = YES;
				CLANG_WARN_INFINITE_RECURSION = YES;
				CLANG_WARN_INT_CONVERSION = YES;
				CLANG_WARN_NON_LITERAL_NULL_CONVERSION = YES;
				CLANG_WARN_OBJC_IMPLICIT_RETAIN_SELF = YES;
				CLANG_WARN_OBJC_LITERAL_CONVERSION = YES;
				CLANG_WARN_OBJC_ROOT_CLASS = YES_ERROR;
				CLANG_WARN_QUOTED_INCLUDE_IN_FRAMEWORK_HEADER = YES;
				CLANG_WARN_RANGE_LOOP_ANALYSIS = YES;
				CLANG_WARN_STRICT_PROTOTYPES = YES;
				CLANG_WARN_SUSPICIOUS_MOVE = YES;
				CLANG_WARN_UNGUARDED_AVAILABILITY = YES_AGGRESSIVE;
				CLANG_WARN_UNREACHABLE_CODE = YES;
				CLANG_WARN__DUPLICATE_METHOD_MATCH = YES;
				COPY_PHASE_STRIP = NO;
				DEBUG_INFORMATION_FORMAT = "dwarf-with-dsym";
				ENABLE_NS_ASSERTIONS = NO;
				ENABLE_STRICT_OBJC_MSGSEND = YES;
				ENABLE_USER_SCRIPT_SANDBOXING = YES;
				GCC_C_LANGUAGE_STANDARD = gnu11;
				GCC_NO_COMMON_BLOCKS = YES;
				GCC_WARN_64_TO_32_BIT_CONVERSION = YES;
				GCC_WARN_ABOUT_RETURN_TYPE = YES_ERROR;
				GCC_WARN_UNDECLARED_SELECTOR = YES;
				GCC_WARN_UNINITIALIZED_AUTOS = YES_AGGRESSIVE;
				GCC_WARN_UNUSED_FUNCTION = YES;
				GCC_WARN_UNUSED_VARIABLE = YES;
				IPHONEOS_DEPLOYMENT_TARGET = 14.3;
				MTL_ENABLE_DEBUG_INFO = NO;
				MTL_FAST_MATH = YES;
				SDKROOT = iphoneos;
				SWIFT_COMPILATION_MODE = wholemodule;
				SWIFT_OPTIMIZATION_LEVEL = "-O";
				VALIDATE_PRODUCT = YES;
			};
			name = Release;
		};
		29287F4C25BE64F80053B536 /* Debug */ = {
			isa = XCBuildConfiguration;
			buildSettings = {
				ASSETCATALOG_COMPILER_APPICON_NAME = AppIcon;
				ASSETCATALOG_COMPILER_GLOBAL_ACCENT_COLOR_NAME = AccentColor;
				CODE_SIGN_STYLE = Automatic;
				CURRENT_PROJECT_VERSION = 1;
				DEVELOPMENT_TEAM = 5KNK9S79RU;
				INFOPLIST_FILE = Sephora/Info.plist;
				INFOPLIST_KEY_CFBundleDisplayName = Sephora;
				INFOPLIST_KEY_LSApplicationCategoryType = "public.app-category.shopping";
				IPHONEOS_DEPLOYMENT_TARGET = 16.0;
				LD_RUNPATH_SEARCH_PATHS = (
					"$(inherited)",
					"@executable_path/Frameworks",
				);
				MARKETING_VERSION = 1.0.0;
				PRODUCT_BUNDLE_IDENTIFIER = com.abokri.Sephora;
				PRODUCT_NAME = "$(TARGET_NAME)";
				SUPPORTED_PLATFORMS = "iphoneos iphonesimulator";
				SUPPORTS_MACCATALYST = NO;
				SUPPORTS_MAC_DESIGNED_FOR_IPHONE_IPAD = NO;
				SUPPORTS_XR_DESIGNED_FOR_IPHONE_IPAD = NO;
				SWIFT_VERSION = 5.0;
				TARGETED_DEVICE_FAMILY = 1;
			};
			name = Debug;
		};
		29287F4D25BE64F80053B536 /* Release */ = {
			isa = XCBuildConfiguration;
			buildSettings = {
				ASSETCATALOG_COMPILER_APPICON_NAME = AppIcon;
				ASSETCATALOG_COMPILER_GLOBAL_ACCENT_COLOR_NAME = AccentColor;
				CODE_SIGN_STYLE = Automatic;
				CURRENT_PROJECT_VERSION = 1;
				DEVELOPMENT_TEAM = 5KNK9S79RU;
				INFOPLIST_FILE = Sephora/Info.plist;
				INFOPLIST_KEY_CFBundleDisplayName = Sephora;
				INFOPLIST_KEY_LSApplicationCategoryType = "public.app-category.shopping";
				IPHONEOS_DEPLOYMENT_TARGET = 16.0;
				LD_RUNPATH_SEARCH_PATHS = (
					"$(inherited)",
					"@executable_path/Frameworks",
				);
				MARKETING_VERSION = 1.0.0;
				PRODUCT_BUNDLE_IDENTIFIER = com.abokri.Sephora;
				PRODUCT_NAME = "$(TARGET_NAME)";
				SUPPORTED_PLATFORMS = "iphoneos iphonesimulator";
				SUPPORTS_MACCATALYST = NO;
				SUPPORTS_MAC_DESIGNED_FOR_IPHONE_IPAD = NO;
				SUPPORTS_XR_DESIGNED_FOR_IPHONE_IPAD = NO;
				SWIFT_VERSION = 5.0;
				TARGETED_DEVICE_FAMILY = 1;
			};
			name = Release;
		};
/* End XCBuildConfiguration section */

/* Begin XCConfigurationList section */
		29287F3225BE64F70053B536 /* Build configuration list for PBXProject "Sephora" */ = {
			isa = XCConfigurationList;
			buildConfigurations = (
				29287F4925BE64F80053B536 /* Debug */,
				29287F4A25BE64F80053B536 /* Release */,
			);
			defaultConfigurationIsVisible = 0;
			defaultConfigurationName = Release;
		};
		29287F4B25BE64F80053B536 /* Build configuration list for PBXNativeTarget "Sephora" */ = {
			isa = XCConfigurationList;
			buildConfigurations = (
				29287F4C25BE64F80053B536 /* Debug */,
				29287F4D25BE64F80053B536 /* Release */,
			);
			defaultConfigurationIsVisible = 0;
			defaultConfigurationName = Release;
		};
/* End XCConfigurationList section */

/* Begin XCLocalSwiftPackageReference section */
		206A2E5D2C50D60300BB2143 /* XCLocalSwiftPackageReference "Packages/Entities" */ = {
			isa = XCLocalSwiftPackageReference;
			relativePath = Packages/Entities;
		};
		206A2E622C50F0E100BB2143 /* XCLocalSwiftPackageReference "Packages/Components" */ = {
			isa = XCLocalSwiftPackageReference;
			relativePath = Packages/Components;
		};
		20AD6B292C50286D00FF8D89 /* XCLocalSwiftPackageReference "Packages/SephoraBusiness" */ = {
			isa = XCLocalSwiftPackageReference;
			relativePath = Packages/SephoraBusiness;
		};
/* End XCLocalSwiftPackageReference section */

/* Begin XCRemoteSwiftPackageReference section */
		206A2E6A2C51116400BB2143 /* XCRemoteSwiftPackageReference "RxSwift" */ = {
			isa = XCRemoteSwiftPackageReference;
			repositoryURL = "https://github.com/ReactiveX/RxSwift";
			requirement = {
				kind = upToNextMajorVersion;
				minimumVersion = 6.7.1;
			};
		};
/* End XCRemoteSwiftPackageReference section */

/* Begin XCSwiftPackageProductDependency section */
		206A2E5E2C50D60300BB2143 /* Entities */ = {
			isa = XCSwiftPackageProductDependency;
			productName = Entities;
		};
		206A2E632C50F0E100BB2143 /* Components */ = {
			isa = XCSwiftPackageProductDependency;
			productName = Components;
		};
		206A2E6B2C51116400BB2143 /* RxCocoa */ = {
			isa = XCSwiftPackageProductDependency;
			package = 206A2E6A2C51116400BB2143 /* XCRemoteSwiftPackageReference "RxSwift" */;
			productName = RxCocoa;
		};
		206A2E6D2C51116400BB2143 /* RxSwift */ = {
			isa = XCSwiftPackageProductDependency;
			package = 206A2E6A2C51116400BB2143 /* XCRemoteSwiftPackageReference "RxSwift" */;
			productName = RxSwift;
		};
		20AD6B2A2C50286D00FF8D89 /* SephoraBusiness */ = {
			isa = XCSwiftPackageProductDependency;
			productName = SephoraBusiness;
		};
/* End XCSwiftPackageProductDependency section */
	};
	rootObject = 29287F2F25BE64F70053B536 /* Project object */;
}
